
Microsoft Visual Studio Solution File, Format Version 12.00
# Visual Studio 2012
Project("{FAE04EC0-301F-11D3-BF4B-00C04F79EFBC}") = "Lux", "Lux\Lux.csproj", "{F9F6A48B-258C-4F2E-9217-DA5FD6F5F7DD}"
EndProject
Project("{FAE04EC0-301F-11D3-BF4B-00C04F79EFBC}") = "LuxTest", "LuxTest\LuxTest.csproj", "{5196D093-AC41-4695-80E6-92B65CCD297D}"
EndProject
Global
	GlobalSection(SolutionConfigurationPlatforms) = preSolution
		Debug|Any CPU = Debug|Any CPU
		Release|Any CPU = Release|Any CPU
	EndGlobalSection
	GlobalSection(ProjectConfigurationPlatforms) = postSolution
		{F9F6A48B-258C-4F2E-9217-DA5FD6F5F7DD}.Debug|Any CPU.ActiveCfg = Debug|Any CPU
		{F9F6A48B-258C-4F2E-9217-DA5FD6F5F7DD}.Debug|Any CPU.Build.0 = Debug|Any CPU
		{F9F6A48B-258C-4F2E-9217-DA5FD6F5F7DD}.Release|Any CPU.ActiveCfg = Release|Any CPU
		{F9F6A48B-258C-4F2E-9217-DA5FD6F5F7DD}.Release|Any CPU.Build.0 = Release|Any CPU
		{5196D093-AC41-4695-80E6-92B65CCD297D}.Debug|Any CPU.ActiveCfg = Debug|Any CPU
		{5196D093-AC41-4695-80E6-92B65CCD297D}.Debug|Any CPU.Build.0 = Debug|Any CPU
		{5196D093-AC41-4695-80E6-92B65CCD297D}.Release|Any CPU.ActiveCfg = Release|Any CPU
		{5196D093-AC41-4695-80E6-92B65CCD297D}.Release|Any CPU.Build.0 = Release|Any CPU
	EndGlobalSection
	GlobalSection(SolutionProperties) = preSolution
		HideSolutionNode = FALSE
	EndGlobalSection
EndGlobal
